// !$*UTF8*$!
{
	archiveVersion = 1;
	classes = {
	};
	objectVersion = 50;
	objects = {

/* Begin PBXBuildFile section */
		CCBDC9AB225E5D5C00201E0C /* AppDelegate.swift in Sources */ = {isa = PBXBuildFile; fileRef = CCBDC9AA225E5D5C00201E0C /* AppDelegate.swift */; };
		CCBDC9AD225E5D5C00201E0C /* ViewController.swift in Sources */ = {isa = PBXBuildFile; fileRef = CCBDC9AC225E5D5C00201E0C /* ViewController.swift */; };
		CCBDC9B0225E5D5C00201E0C /* Main.storyboard in Resources */ = {isa = PBXBuildFile; fileRef = CCBDC9AE225E5D5C00201E0C /* Main.storyboard */; };
		CCBDC9B2225E5D5E00201E0C /* Assets.xcassets in Resources */ = {isa = PBXBuildFile; fileRef = CCBDC9B1225E5D5E00201E0C /* Assets.xcassets */; };
		CCBDC9B5225E5D5E00201E0C /* LaunchScreen.storyboard in Resources */ = {isa = PBXBuildFile; fileRef = CCBDC9B3225E5D5E00201E0C /* LaunchScreen.storyboard */; };
/* End PBXBuildFile section */

/* Begin PBXFileReference section */
		CCBDC9A7225E5D5C00201E0C /* ZETCalc.app */ = {isa = PBXFileReference; explicitFileType = wrapper.application; includeInIndex = 0; path = ZETCalc.app; sourceTree = BUILT_PRODUCTS_DIR; };
		CCBDC9AA225E5D5C00201E0C /* AppDelegate.swift */ = {isa = PBXFileReference; lastKnownFileType = sourcecode.swift; path = AppDelegate.swift; sourceTree = "<group>"; };
		CCBDC9AC225E5D5C00201E0C /* ViewController.swift */ = {isa = PBXFileReference; lastKnownFileType = sourcecode.swift; path = ViewController.swift; sourceTree = "<group>"; };
		CCBDC9AF225E5D5C00201E0C /* Base */ = {isa = PBXFileReference; lastKnownFileType = file.storyboard; name = Base; path = Base.lproj/Main.storyboard; sourceTree = "<group>"; };
		CCBDC9B1225E5D5E00201E0C /* Assets.xcassets */ = {isa = PBXFileReference; lastKnownFileType = folder.assetcatalog; path = Assets.xcassets; sourceTree = "<group>"; };
		CCBDC9B4225E5D5E00201E0C /* Base */ = {isa = PBXFileReference; lastKnownFileType = file.storyboard; name = Base; path = Base.lproj/LaunchScreen.storyboard; sourceTree = "<group>"; };
		CCBDC9B6225E5D5E00201E0C /* Info.plist */ = {isa = PBXFileReference; lastKnownFileType = text.plist.xml; path = Info.plist; sourceTree = "<group>"; };
/* End PBXFileReference section */

/* Begin PBXFrameworksBuildPhase section */
		CCBDC9A4225E5D5C00201E0C /* Frameworks */ = {
			isa = PBXFrameworksBuildPhase;
			buildActionMask = 2147483647;
			files = (
			);
			runOnlyForDeploymentPostprocessing = 0;
		};
/* End PBXFrameworksBuildPhase section */

/* Begin PBXGroup section */
		CCBDC99E225E5D5C00201E0C = {
			isa = PBXGroup;
			children = (
				CCBDC9A9225E5D5C00201E0C /* ZETCalc */,
				CCBDC9A8225E5D5C00201E0C /* Products */,
			);
			sourceTree = "<group>";
		};
		CCBDC9A8225E5D5C00201E0C /* Products */ = {
			isa = PBXGroup;
			children = (
				CCBDC9A7225E5D5C00201E0C /* ZETCalc.app */,
			);
			name = Products;
			sourceTree = "<group>";
		};
		CCBDC9A9225E5D5C00201E0C /* ZETCalc */ = {
			isa = PBXGroup;
			children = (
				CCBDC9AA225E5D5C00201E0C /* AppDelegate.swift */,
				CCBDC9AC225E5D5C00201E0C /* ViewController.swift */,
				CCBDC9AE225E5D5C00201E0C /* Main.storyboard */,
				CCBDC9B1225E5D5E00201E0C /* Assets.xcassets */,
				CCBDC9B3225E5D5E00201E0C /* LaunchScreen.storyboard */,
				CCBDC9B6225E5D5E00201E0C /* Info.plist */,
			);
			path = ZETCalc;
			sourceTree = "<group>";
		};
/* End PBXGroup section */

/* Begin PBXNativeTarget section */
		CCBDC9A6225E5D5C00201E0C /* ZETCalc */ = {
			isa = PBXNativeTarget;
			buildConfigurationList = CCBDC9B9225E5D5E00201E0C /* Build configuration list for PBXNativeTarget "ZETCalc" */;
			buildPhases = (
				CCBDC9A3225E5D5C00201E0C /* Sources */,
				CCBDC9A4225E5D5C00201E0C /* Frameworks */,
				CCBDC9A5225E5D5C00201E0C /* Resources */,
			);
			buildRules = (
			);
			dependencies = (
			);
			name = ZETCalc;
			productName = ZETCalc;
			productReference = CCBDC9A7225E5D5C00201E0C /* ZETCalc.app */;
			productType = "com.apple.product-type.application";
		};
/* End PBXNativeTarget section */

/* Begin PBXProject section */
		CCBDC99F225E5D5C00201E0C /* Project object */ = {
			isa = PBXProject;
			attributes = {
				LastSwiftUpdateCheck = 1020;
				LastUpgradeCheck = 1020;
				ORGANIZATIONNAME = "Domagoj Boros";
				TargetAttributes = {
					CCBDC9A6225E5D5C00201E0C = {
						CreatedOnToolsVersion = 10.2;
					};
				};
			};
			buildConfigurationList = CCBDC9A2225E5D5C00201E0C /* Build configuration list for PBXProject "ZETCalc" */;
			compatibilityVersion = "Xcode 9.3";
			developmentRegion = en;
			hasScannedForEncodings = 0;
			knownRegions = (
				en,
				Base,
			);
			mainGroup = CCBDC99E225E5D5C00201E0C;
			productRefGroup = CCBDC9A8225E5D5C00201E0C /* Products */;
			projectDirPath = "";
			projectRoot = "";
			targets = (
				CCBDC9A6225E5D5C00201E0C /* ZETCalc */,
			);
		};
/* End PBXProject section */

/* Begin PBXResourcesBuildPhase section */
		CCBDC9A5225E5D5C00201E0C /* Resources */ = {
			isa = PBXResourcesBuildPhase;
			buildActionMask = 2147483647;
			files = (
				CCBDC9B5225E5D5E00201E0C /* LaunchScreen.storyboard in Resources */,
				CCBDC9B2225E5D5E00201E0C /* Assets.xcassets in Resources */,
				CCBDC9B0225E5D5C00201E0C /* Main.storyboard in Resources */,
			);
			runOnlyForDeploymentPostprocessing = 0;
		};
/* End PBXResourcesBuildPhase section */

/* Begin PBXSourcesBuildPhase section */
		CCBDC9A3225E5D5C00201E0C /* Sources */ = {
			isa = PBXSourcesBuildPhase;
			buildActionMask = 2147483647;
			files = (
				CCBDC9AD225E5D5C00201E0C /* ViewController.swift in Sources */,
				CCBDC9AB225E5D5C00201E0C /* AppDelegate.swift in Sources */,
			);
			runOnlyForDeploymentPostprocessing = 0;
		};
/* End PBXSourcesBuildPhase section */

/* Begin PBXVariantGroup section */
		CCBDC9AE225E5D5C00201E0C /* Main.storyboard */ = {
			isa = PBXVariantGroup;
			children = (
				CCBDC9AF225E5D5C00201E0C /* Base */,
			);
			name = Main.storyboard;
			sourceTree = "<group>";
		};
		CCBDC9B3225E5D5E00201E0C /* LaunchScreen.storyboard */ = {
			isa = PBXVariantGroup;
			children = (
				CCBDC9B4225E5D5E00201E0C /* Base */,
			);
			name = LaunchScreen.storyboard;
			sourceTree = "<group>";
		};
/* End PBXVariantGroup section */

/* Begin XCBuildConfiguration section */
		CCBDC9B7225E5D5E00201E0C /* Debug */ = {
			isa = XCBuildConfiguration;
			buildSettings = {
				ALWAYS_SEARCH_USER_PATHS = NO;
				CLANG_ANALYZER_NONNULL = YES;
				CLANG_ANALYZER_NUMBER_OBJECT_CONVERSION = YES_AGGRESSIVE;
				CLANG_CXX_LANGUAGE_STANDARD = "gnu++14";
				CLANG_CXX_LIBRARY = "libc++";
				CLANG_ENABLE_MODULES = YES;
				CLANG_ENABLE_OBJC_ARC = YES;
				CLANG_ENABLE_OBJC_WEAK = YES;
				CLANG_WARN_BLOCK_CAPTURE_AUTORELEASING = YES;
				CLANG_WARN_BOOL_CONVERSION = YES;
				CLANG_WARN_COMMA = YES;
				CLANG_WARN_CONSTANT_CONVERSION = YES;
				CLANG_WARN_DEPRECATED_OBJC_IMPLEMENTATIONS = YES;
				CLANG_WARN_DIRECT_OBJC_ISA_USAGE = YES_ERROR;
				CLANG_WARN_DOCUMENTATION_COMMENTS = YES;
				CLANG_WARN_EMPTY_BODY = YES;
				CLANG_WARN_ENUM_CONVERSION = YES;
				CLANG_WARN_INFINITE_RECURSION = YES;
				CLANG_WARN_INT_CONVERSION = YES;
				CLANG_WARN_NON_LITERAL_NULL_CONVERSION = YES;
				CLANG_WARN_OBJC_IMPLICIT_RETAIN_SELF = YES;
				CLANG_WARN_OBJC_LITERAL_CONVERSION = YES;
				CLANG_WARN_OBJC_ROOT_CLASS = YES_ERROR;
				CLANG_WARN_RANGE_LOOP_ANALYSIS = YES;
				CLANG_WARN_STRICT_PROTOTYPES = YES;
				CLANG_WARN_SUSPICIOUS_MOVE = YES;
				CLANG_WARN_UNGUARDED_AVAILABILITY = YES_AGGRESSIVE;
				CLANG_WARN_UNREACHABLE_CODE = YES;
				CLANG_WARN__DUPLICATE_METHOD_MATCH = YES;
				CODE_SIGN_IDENTITY = "iPhone Developer";
				COPY_PHASE_STRIP = NO;
				DEBUG_INFORMATION_FORMAT = dwarf;
				ENABLE_STRICT_OBJC_MSGSEND = YES;
				ENABLE_TESTABILITY = YES;
				GCC_C_LANGUAGE_STANDARD = gnu11;
				GCC_DYNAMIC_NO_PIC = NO;
				GCC_NO_COMMON_BLOCKS = YES;
				GCC_OPTIMIZATION_LEVEL = 0;
				GCC_PREPROCESSOR_DEFINITIONS = (
					"DEBUG=1",
					"$(inherited)",
				);
				GCC_WARN_64_TO_32_BIT_CONVERSION = YES;
				GCC_WARN_ABOUT_RETURN_TYPE = YES_ERROR;
				GCC_WARN_UNDECLARED_SELECTOR = YES;
				GCC_WARN_UNINITIALIZED_AUTOS = YES_AGGRESSIVE;
				GCC_WARN_UNUSED_FUNCTION = YES;
				GCC_WARN_UNUSED_VARIABLE = YES;
				IPHONEOS_DEPLOYMENT_TARGET = 12.2;
				MTL_ENABLE_DEBUG_INFO = INCLUDE_SOURCE;
				MTL_FAST_MATH = YES;
				ONLY_ACTIVE_ARCH = YES;
				SDKROOT = iphoneos;
				SWIFT_ACTIVE_COMPILATION_CONDITIONS = DEBUG;
				SWIFT_OPTIMIZATION_LEVEL = "-Onone";
			};
			name = Debug;
		};
		CCBDC9B8225E5D5E00201E0C /* Release */ = {
			isa = XCBuildConfiguration;
			buildSettings = {
				ALWAYS_SEARCH_USER_PATHS = NO;
				CLANG_ANALYZER_NONNULL = YES;
				CLANG_ANALYZER_NUMBER_OBJECT_CONVERSION = YES_AGGRESSIVE;
				CLANG_CXX_LANGUAGE_STANDARD = "gnu++14";
				CLANG_CXX_LIBRARY = "libc++";
				CLANG_ENABLE_MODULES = YES;
				CLANG_ENABLE_OBJC_ARC = YES;
				CLANG_ENABLE_OBJC_WEAK = YES;
				CLANG_WARN_BLOCK_CAPTURE_AUTORELEASING = YES;
				CLANG_WARN_BOOL_CONVERSION = YES;
				CLANG_WARN_COMMA = YES;
				CLANG_WARN_CONSTANT_CONVERSION = YES;
				CLANG_WARN_DEPRECATED_OBJC_IMPLEMENTATIONS = YES;
				CLANG_WARN_DIRECT_OBJC_ISA_USAGE = YES_ERROR;
				CLANG_WARN_DOCUMENTATION_COMMENTS = YES;
				CLANG_WARN_EMPTY_BODY = YES;
				CLANG_WARN_ENUM_CONVERSION = YES;
				CLANG_WARN_INFINITE_RECURSION = YES;
				CLANG_WARN_INT_CONVERSION = YES;
				CLANG_WARN_NON_LITERAL_NULL_CONVERSION = YES;
				CLANG_WARN_OBJC_IMPLICIT_RETAIN_SELF = YES;
				CLANG_WARN_OBJC_LITERAL_CONVERSION = YES;
				CLANG_WARN_OBJC_ROOT_CLASS = YES_ERROR;
				CLANG_WARN_RANGE_LOOP_ANALYSIS = YES;
				CLANG_WARN_STRICT_PROTOTYPES = YES;
				CLANG_WARN_SUSPICIOUS_MOVE = YES;
				CLANG_WARN_UNGUARDED_AVAILABILITY = YES_AGGRESSIVE;
				CLANG_WARN_UNREACHABLE_CODE = YES;
				CLANG_WARN__DUPLICATE_METHOD_MATCH = YES;
				CODE_SIGN_IDENTITY = "iPhone Developer";
				COPY_PHASE_STRIP = NO;
				DEBUG_INFORMATION_FORMAT = "dwarf-with-dsym";
				ENABLE_NS_ASSERTIONS = NO;
				ENABLE_STRICT_OBJC_MSGSEND = YES;
				GCC_C_LANGUAGE_STANDARD = gnu11;
				GCC_NO_COMMON_BLOCKS = YES;
				GCC_WARN_64_TO_32_BIT_CONVERSION = YES;
				GCC_WARN_ABOUT_RETURN_TYPE = YES_ERROR;
				GCC_WARN_UNDECLARED_SELECTOR = YES;
				GCC_WARN_UNINITIALIZED_AUTOS = YES_AGGRESSIVE;
				GCC_WARN_UNUSED_FUNCTION = YES;
				GCC_WARN_UNUSED_VARIABLE = YES;
				IPHONEOS_DEPLOYMENT_TARGET = 12.2;
				MTL_ENABLE_DEBUG_INFO = NO;
				MTL_FAST_MATH = YES;
				SDKROOT = iphoneos;
				SWIFT_COMPILATION_MODE = wholemodule;
				SWIFT_OPTIMIZATION_LEVEL = "-O";
				VALIDATE_PRODUCT = YES;
			};
			name = Release;
		};
		CCBDC9BA225E5D5E00201E0C /* Debug */ = {
			isa = XCBuildConfiguration;
			buildSettings = {
				ASSETCATALOG_COMPILER_APPICON_NAME = AppIcon;
				CODE_SIGN_STYLE = Automatic;
				DEVELOPMENT_TEAM = 7465D9S92C;
				INFOPLIST_FILE = ZETCalc/Info.plist;
				LD_RUNPATH_SEARCH_PATHS = (
					"$(inherited)",
					"@executable_path/Frameworks",
				);
				PRODUCT_BUNDLE_IDENTIFIER = hr.xyz23.ZETCalc;
				PRODUCT_NAME = "$(TARGET_NAME)";
				SWIFT_VERSION = 5.0;
				TARGETED_DEVICE_FAMILY = "1,2";
			};
			name = Debug;
		};
		CCBDC9BB225E5D5E00201E0C /* Release */ = {
			isa = XCBuildConfiguration;
			buildSettings = {
				ASSETCATALOG_COMPILER_APPICON_NAME = AppIcon;
				CODE_SIGN_STYLE = Automatic;
				DEVELOPMENT_TEAM = 7465D9S92C;
				INFOPLIST_FILE = ZETCalc/Info.plist;
				LD_RUNPATH_SEARCH_PATHS = (
					"$(inherited)",
					"@executable_path/Frameworks",
				);
				PRODUCT_BUNDLE_IDENTIFIER = hr.xyz23.ZETCalc;
				PRODUCT_NAME = "$(TARGET_NAME)";
				SWIFT_VERSION = 5.0;
				TARGETED_DEVICE_FAMILY = "1,2";
			};
			name = Release;
		};
/* End XCBuildConfiguration section */

/* Begin XCConfigurationList section */
		CCBDC9A2225E5D5C00201E0C /* Build configuration list for PBXProject "ZETCalc" */ = {
			isa = XCConfigurationList;
			buildConfigurations = (
				CCBDC9B7225E5D5E00201E0C /* Debug */,
				CCBDC9B8225E5D5E00201E0C /* Release */,
			);
			defaultConfigurationIsVisible = 0;
			defaultConfigurationName = Release;
		};
		CCBDC9B9225E5D5E00201E0C /* Build configuration list for PBXNativeTarget "ZETCalc" */ = {
			isa = XCConfigurationList;
			buildConfigurations = (
				CCBDC9BA225E5D5E00201E0C /* Debug */,
				CCBDC9BB225E5D5E00201E0C /* Release */,
			);
			defaultConfigurationIsVisible = 0;
			defaultConfigurationName = Release;
		};
/* End XCConfigurationList section */
	};
	rootObject = CCBDC99F225E5D5C00201E0C /* Project object */;
}
